
Microsoft Visual Studio Solution File, Format Version 12.00
# Visual Studio Version 17
VisualStudioVersion = 17.8.34525.116
MinimumVisualStudioVersion = 10.0.40219.1
Project("{FAE04EC0-301F-11D3-BF4B-00C04F79EFBC}") = "WebUi", "WebUi\WebUi.csproj", "{C3B9EFA1-582B-49C9-86A7-77CED32F63E1}"
EndProject
Project("{FAE04EC0-301F-11D3-BF4B-00C04F79EFBC}") = "BLL", "BLL\BLL.csproj", "{0C65F3C7-B94D-43EF-B9C4-DEA0D3EED4AB}"
EndProject
Project("{FAE04EC0-301F-11D3-BF4B-00C04F79EFBC}") = "DAL", "DAL\DAL.csproj", "{65090624-D2B0-4BE2-A7B7-77DAAD7694CB}"
EndProject
Global
	GlobalSection(SolutionConfigurationPlatforms) = preSolution
		Debug|Any CPU = Debug|Any CPU
		Release|Any CPU = Release|Any CPU
	EndGlobalSection
	GlobalSection(ProjectConfigurationPlatforms) = postSolution
		{C3B9EFA1-582B-49C9-86A7-77CED32F63E1}.Debug|Any CPU.ActiveCfg = Debug|Any CPU
		{C3B9EFA1-582B-49C9-86A7-77CED32F63E1}.Debug|Any CPU.Build.0 = Debug|Any CPU
		{C3B9EFA1-582B-49C9-86A7-77CED32F63E1}.Release|Any CPU.ActiveCfg = Release|Any CPU
		{C3B9EFA1-582B-49C9-86A7-77CED32F63E1}.Release|Any CPU.Build.0 = Release|Any CPU
		{0C65F3C7-B94D-43EF-B9C4-DEA0D3EED4AB}.Debug|Any CPU.ActiveCfg = Debug|Any CPU
		{0C65F3C7-B94D-43EF-B9C4-DEA0D3EED4AB}.Debug|Any CPU.Build.0 = Debug|Any CPU
		{0C65F3C7-B94D-43EF-B9C4-DEA0D3EED4AB}.Release|Any CPU.ActiveCfg = Release|Any CPU
		{0C65F3C7-B94D-43EF-B9C4-DEA0D3EED4AB}.Release|Any CPU.Build.0 = Release|Any CPU
		{65090624-D2B0-4BE2-A7B7-77DAAD7694CB}.Debug|Any CPU.ActiveCfg = Debug|Any CPU
		{65090624-D2B0-4BE2-A7B7-77DAAD7694CB}.Debug|Any CPU.Build.0 = Debug|Any CPU
		{65090624-D2B0-4BE2-A7B7-77DAAD7694CB}.Release|Any CPU.ActiveCfg = Release|Any CPU
		{65090624-D2B0-4BE2-A7B7-77DAAD7694CB}.Release|Any CPU.Build.0 = Release|Any CPU
	EndGlobalSection
	GlobalSection(SolutionProperties) = preSolution
		HideSolutionNode = FALSE
	EndGlobalSection
	GlobalSection(ExtensibilityGlobals) = postSolution
		SolutionGuid = {843F412E-601B-4853-864B-23AEF35BB12C}
	EndGlobalSection
EndGlobal
